
Microsoft Visual Studio Solution File, Format Version 12.00
# Visual Studio 15
VisualStudioVersion = 15.0.27004.2009
MinimumVisualStudioVersion = 10.0.40219.1
Project("{9A19103F-16F7-4668-BE54-9A1E7A4F7556}") = "CiscoCLIParsers", "CiscoCLIParsers\CiscoCLIParsers.csproj", "{FCCFB815-5B59-4B82-B221-9F2CDBC93D1F}"
EndProject
Project("{9A19103F-16F7-4668-BE54-9A1E7A4F7556}") = "CiscoCLIParsers.Tests", "CiscoCLIParsers.Tests\CiscoCLIParsers.Tests.csproj", "{B4DF3EFB-5204-4780-B4A7-74147DB35E8E}"
EndProject
Project("{9A19103F-16F7-4668-BE54-9A1E7A4F7556}") = "Pegasus.Common.Core", "Pegasus\Pegasus.Common\Pegasus.Common.Core.csproj", "{5F2C470E-4701-45CC-A046-2B5B3A279AD4}"
EndProject
Global
	GlobalSection(SolutionConfigurationPlatforms) = preSolution
		Debug|Any CPU = Debug|Any CPU
		Release|Any CPU = Release|Any CPU
	EndGlobalSection
	GlobalSection(ProjectConfigurationPlatforms) = postSolution
		{FCCFB815-5B59-4B82-B221-9F2CDBC93D1F}.Debug|Any CPU.ActiveCfg = Debug|Any CPU
		{FCCFB815-5B59-4B82-B221-9F2CDBC93D1F}.Debug|Any CPU.Build.0 = Debug|Any CPU
		{FCCFB815-5B59-4B82-B221-9F2CDBC93D1F}.Release|Any CPU.ActiveCfg = Release|Any CPU
		{FCCFB815-5B59-4B82-B221-9F2CDBC93D1F}.Release|Any CPU.Build.0 = Release|Any CPU
		{B4DF3EFB-5204-4780-B4A7-74147DB35E8E}.Debug|Any CPU.ActiveCfg = Debug|Any CPU
		{B4DF3EFB-5204-4780-B4A7-74147DB35E8E}.Debug|Any CPU.Build.0 = Debug|Any CPU
		{B4DF3EFB-5204-4780-B4A7-74147DB35E8E}.Release|Any CPU.ActiveCfg = Release|Any CPU
		{B4DF3EFB-5204-4780-B4A7-74147DB35E8E}.Release|Any CPU.Build.0 = Release|Any CPU
		{5F2C470E-4701-45CC-A046-2B5B3A279AD4}.Debug|Any CPU.ActiveCfg = Debug|Any CPU
		{5F2C470E-4701-45CC-A046-2B5B3A279AD4}.Debug|Any CPU.Build.0 = Debug|Any CPU
		{5F2C470E-4701-45CC-A046-2B5B3A279AD4}.Release|Any CPU.ActiveCfg = Release|Any CPU
		{5F2C470E-4701-45CC-A046-2B5B3A279AD4}.Release|Any CPU.Build.0 = Release|Any CPU
	EndGlobalSection
	GlobalSection(SolutionProperties) = preSolution
		HideSolutionNode = FALSE
	EndGlobalSection
	GlobalSection(ExtensibilityGlobals) = postSolution
		SolutionGuid = {A2F5883D-A3F3-429B-8120-535053783A89}
	EndGlobalSection
EndGlobal
